// !$*UTF8*$!
{
	archiveVersion = 1;
	classes = {
	};
	objectVersion = 52;
	objects = {

/* Begin PBXBuildFile section */
		E7361A382821312B0044F66E /* TrackDetailView.xib in Resources */ = {isa = PBXBuildFile; fileRef = E7361A372821312B0044F66E /* TrackDetailView.xib */; };
		E7361A3B282131480044F66E /* TrackDetailView.swift in Sources */ = {isa = PBXBuildFile; fileRef = E7361A3A282131480044F66E /* TrackDetailView.swift */; };
		E7A876492821696B0037A3A1 /* CMTime+extention.swift in Sources */ = {isa = PBXBuildFile; fileRef = E7A876482821696B0037A3A1 /* CMTime+extention.swift */; };
		E7CE91372818674D00877850 /* NetworkService.swift in Sources */ = {isa = PBXBuildFile; fileRef = E7CE91362818674D00877850 /* NetworkService.swift */; };
		E7D1E4E4281ECCBF0070F072 /* SearchPresenter.swift in Sources */ = {isa = PBXBuildFile; fileRef = E7D1E4DD281ECCBF0070F072 /* SearchPresenter.swift */; };
		E7D1E4E5281ECCBF0070F072 /* SearchWorker.swift in Sources */ = {isa = PBXBuildFile; fileRef = E7D1E4DE281ECCBF0070F072 /* SearchWorker.swift */; };
		E7D1E4E6281ECCBF0070F072 /* SearchRouter.swift in Sources */ = {isa = PBXBuildFile; fileRef = E7D1E4DF281ECCBF0070F072 /* SearchRouter.swift */; };
		E7D1E4E7281ECCBF0070F072 /* SearchModels.swift in Sources */ = {isa = PBXBuildFile; fileRef = E7D1E4E0281ECCBF0070F072 /* SearchModels.swift */; };
		E7D1E4E8281ECCBF0070F072 /* SearchViewController.swift in Sources */ = {isa = PBXBuildFile; fileRef = E7D1E4E1281ECCBF0070F072 /* SearchViewController.swift */; };
		E7D1E4E9281ECCBF0070F072 /* SearchInteractor.swift in Sources */ = {isa = PBXBuildFile; fileRef = E7D1E4E2281ECCBF0070F072 /* SearchInteractor.swift */; };
		E7D1E4ED281ECDDA0070F072 /* SearchViewController.storyboard in Resources */ = {isa = PBXBuildFile; fileRef = E7D1E4EC281ECDDA0070F072 /* SearchViewController.storyboard */; };
		E7D1E4F2281ED1AA0070F072 /* UIViewController+Storyboard.swift in Sources */ = {isa = PBXBuildFile; fileRef = E7D1E4F1281ED1AA0070F072 /* UIViewController+Storyboard.swift */; };
		E7D1E4F8281EF5290070F072 /* TrackCell.xib in Resources */ = {isa = PBXBuildFile; fileRef = E7D1E4F7281EF5290070F072 /* TrackCell.xib */; };
		E7D1E4FB281EF5480070F072 /* TrackCell.swift in Sources */ = {isa = PBXBuildFile; fileRef = E7D1E4FA281EF5480070F072 /* TrackCell.swift */; };
		E7D1E501281F01A80070F072 /* SDWebImage in Frameworks */ = {isa = PBXBuildFile; productRef = E7D1E500281F01A80070F072 /* SDWebImage */; };
		E7D1E503281F01A80070F072 /* SDWebImageMapKit in Frameworks */ = {isa = PBXBuildFile; productRef = E7D1E502281F01A80070F072 /* SDWebImageMapKit */; };
		E7D1E507281F09910070F072 /* FooterView.swift in Sources */ = {isa = PBXBuildFile; fileRef = E7D1E506281F09910070F072 /* FooterView.swift */; };
		E7D22E1B281420DB0066D86C /* AppDelegate.swift in Sources */ = {isa = PBXBuildFile; fileRef = E7D22E1A281420DB0066D86C /* AppDelegate.swift */; };
		E7D22E1D281420DB0066D86C /* SceneDelegate.swift in Sources */ = {isa = PBXBuildFile; fileRef = E7D22E1C281420DB0066D86C /* SceneDelegate.swift */; };
		E7D22E1F281420DB0066D86C /* ViewController.swift in Sources */ = {isa = PBXBuildFile; fileRef = E7D22E1E281420DB0066D86C /* ViewController.swift */; };
		E7D22E22281420DB0066D86C /* Main.storyboard in Resources */ = {isa = PBXBuildFile; fileRef = E7D22E20281420DB0066D86C /* Main.storyboard */; };
		E7D22E24281420E10066D86C /* Assets.xcassets in Resources */ = {isa = PBXBuildFile; fileRef = E7D22E23281420E10066D86C /* Assets.xcassets */; };
		E7D22E27281420E10066D86C /* LaunchScreen.storyboard in Resources */ = {isa = PBXBuildFile; fileRef = E7D22E25281420E10066D86C /* LaunchScreen.storyboard */; };
		E7D22E30281430A80066D86C /* MainTabBarController.swift in Sources */ = {isa = PBXBuildFile; fileRef = E7D22E2F281430A80066D86C /* MainTabBarController.swift */; };
		E7D22E332814337D0066D86C /* SearchMusicViewController.swift in Sources */ = {isa = PBXBuildFile; fileRef = E7D22E322814337D0066D86C /* SearchMusicViewController.swift */; };
		E7D22E37281468140066D86C /* Alamofire in Frameworks */ = {isa = PBXBuildFile; productRef = E7D22E36281468140066D86C /* Alamofire */; };
		E7D22E3A28146D3D0066D86C /* SearchResponse.swift in Sources */ = {isa = PBXBuildFile; fileRef = E7D22E3928146D3D0066D86C /* SearchResponse.swift */; };
/* End PBXBuildFile section */

/* Begin PBXFileReference section */
		E7361A372821312B0044F66E /* TrackDetailView.xib */ = {isa = PBXFileReference; lastKnownFileType = file.xib; path = TrackDetailView.xib; sourceTree = "<group>"; };
		E7361A3A282131480044F66E /* TrackDetailView.swift */ = {isa = PBXFileReference; lastKnownFileType = sourcecode.swift; path = TrackDetailView.swift; sourceTree = "<group>"; };
		E7A876482821696B0037A3A1 /* CMTime+extention.swift */ = {isa = PBXFileReference; lastKnownFileType = sourcecode.swift; path = "CMTime+extention.swift"; sourceTree = "<group>"; };
		E7CE91362818674D00877850 /* NetworkService.swift */ = {isa = PBXFileReference; lastKnownFileType = sourcecode.swift; path = NetworkService.swift; sourceTree = "<group>"; };
		E7D1E4DD281ECCBF0070F072 /* SearchPresenter.swift */ = {isa = PBXFileReference; lastKnownFileType = sourcecode.swift; path = SearchPresenter.swift; sourceTree = "<group>"; };
		E7D1E4DE281ECCBF0070F072 /* SearchWorker.swift */ = {isa = PBXFileReference; lastKnownFileType = sourcecode.swift; path = SearchWorker.swift; sourceTree = "<group>"; };
		E7D1E4DF281ECCBF0070F072 /* SearchRouter.swift */ = {isa = PBXFileReference; lastKnownFileType = sourcecode.swift; path = SearchRouter.swift; sourceTree = "<group>"; };
		E7D1E4E0281ECCBF0070F072 /* SearchModels.swift */ = {isa = PBXFileReference; lastKnownFileType = sourcecode.swift; path = SearchModels.swift; sourceTree = "<group>"; };
		E7D1E4E1281ECCBF0070F072 /* SearchViewController.swift */ = {isa = PBXFileReference; lastKnownFileType = sourcecode.swift; path = SearchViewController.swift; sourceTree = "<group>"; };
		E7D1E4E2281ECCBF0070F072 /* SearchInteractor.swift */ = {isa = PBXFileReference; lastKnownFileType = sourcecode.swift; path = SearchInteractor.swift; sourceTree = "<group>"; };
		E7D1E4EC281ECDDA0070F072 /* SearchViewController.storyboard */ = {isa = PBXFileReference; lastKnownFileType = file.storyboard; path = SearchViewController.storyboard; sourceTree = "<group>"; };
		E7D1E4F1281ED1AA0070F072 /* UIViewController+Storyboard.swift */ = {isa = PBXFileReference; lastKnownFileType = sourcecode.swift; path = "UIViewController+Storyboard.swift"; sourceTree = "<group>"; };
		E7D1E4F7281EF5290070F072 /* TrackCell.xib */ = {isa = PBXFileReference; lastKnownFileType = file.xib; path = TrackCell.xib; sourceTree = "<group>"; };
		E7D1E4FA281EF5480070F072 /* TrackCell.swift */ = {isa = PBXFileReference; lastKnownFileType = sourcecode.swift; path = TrackCell.swift; sourceTree = "<group>"; };
		E7D1E506281F09910070F072 /* FooterView.swift */ = {isa = PBXFileReference; lastKnownFileType = sourcecode.swift; path = FooterView.swift; sourceTree = "<group>"; };
		E7D22E17281420DB0066D86C /* MusicPlayer.app */ = {isa = PBXFileReference; explicitFileType = wrapper.application; includeInIndex = 0; path = MusicPlayer.app; sourceTree = BUILT_PRODUCTS_DIR; };
		E7D22E1A281420DB0066D86C /* AppDelegate.swift */ = {isa = PBXFileReference; lastKnownFileType = sourcecode.swift; path = AppDelegate.swift; sourceTree = "<group>"; };
		E7D22E1C281420DB0066D86C /* SceneDelegate.swift */ = {isa = PBXFileReference; lastKnownFileType = sourcecode.swift; path = SceneDelegate.swift; sourceTree = "<group>"; };
		E7D22E1E281420DB0066D86C /* ViewController.swift */ = {isa = PBXFileReference; lastKnownFileType = sourcecode.swift; path = ViewController.swift; sourceTree = "<group>"; };
		E7D22E21281420DB0066D86C /* Base */ = {isa = PBXFileReference; lastKnownFileType = file.storyboard; name = Base; path = Base.lproj/Main.storyboard; sourceTree = "<group>"; };
		E7D22E23281420E10066D86C /* Assets.xcassets */ = {isa = PBXFileReference; lastKnownFileType = folder.assetcatalog; path = Assets.xcassets; sourceTree = "<group>"; };
		E7D22E26281420E10066D86C /* Base */ = {isa = PBXFileReference; lastKnownFileType = file.storyboard; name = Base; path = Base.lproj/LaunchScreen.storyboard; sourceTree = "<group>"; };
		E7D22E28281420E10066D86C /* Info.plist */ = {isa = PBXFileReference; lastKnownFileType = text.plist.xml; path = Info.plist; sourceTree = "<group>"; };
		E7D22E2F281430A80066D86C /* MainTabBarController.swift */ = {isa = PBXFileReference; lastKnownFileType = sourcecode.swift; path = MainTabBarController.swift; sourceTree = "<group>"; };
		E7D22E322814337D0066D86C /* SearchMusicViewController.swift */ = {isa = PBXFileReference; lastKnownFileType = sourcecode.swift; path = SearchMusicViewController.swift; sourceTree = "<group>"; };
		E7D22E3928146D3D0066D86C /* SearchResponse.swift */ = {isa = PBXFileReference; lastKnownFileType = sourcecode.swift; path = SearchResponse.swift; sourceTree = "<group>"; };
/* End PBXFileReference section */

/* Begin PBXFrameworksBuildPhase section */
		E7D22E14281420DB0066D86C /* Frameworks */ = {
			isa = PBXFrameworksBuildPhase;
			buildActionMask = 2147483647;
			files = (
				E7D1E501281F01A80070F072 /* SDWebImage in Frameworks */,
				E7D1E503281F01A80070F072 /* SDWebImageMapKit in Frameworks */,
				E7D22E37281468140066D86C /* Alamofire in Frameworks */,
			);
			runOnlyForDeploymentPostprocessing = 0;
		};
/* End PBXFrameworksBuildPhase section */

/* Begin PBXGroup section */
		E7361A36282130E20044F66E /* TrackDetailView */ = {
			isa = PBXGroup;
			children = (
				E7361A372821312B0044F66E /* TrackDetailView.xib */,
				E7361A3A282131480044F66E /* TrackDetailView.swift */,
			);
			path = TrackDetailView;
			sourceTree = "<group>";
		};
		E7D1E4C9281ECAEB0070F072 /* Search */ = {
			isa = PBXGroup;
			children = (
				E7361A36282130E20044F66E /* TrackDetailView */,
				E7D1E505281F097B0070F072 /* FooterView */,
				E7D1E4F6281EF5100070F072 /* Cell */,
				E7D1E4EC281ECDDA0070F072 /* SearchViewController.storyboard */,
				E7D1E4E1281ECCBF0070F072 /* SearchViewController.swift */,
				E7D1E4E2281ECCBF0070F072 /* SearchInteractor.swift */,
				E7D1E4DD281ECCBF0070F072 /* SearchPresenter.swift */,
				E7D1E4E0281ECCBF0070F072 /* SearchModels.swift */,
				E7D1E4DE281ECCBF0070F072 /* SearchWorker.swift */,
				E7D1E4DF281ECCBF0070F072 /* SearchRouter.swift */,
			);
			path = Search;
			sourceTree = "<group>";
		};
		E7D1E4D9281ECB990070F072 /* Services */ = {
			isa = PBXGroup;
			children = (
				E7D1E4FD281EFB010070F072 /* Models */,
				E7CE91362818674D00877850 /* NetworkService.swift */,
			);
			path = Services;
			sourceTree = "<group>";
		};
		E7D1E4F4281ED1B90070F072 /* Helpers */ = {
			isa = PBXGroup;
			children = (
				E7D1E4F1281ED1AA0070F072 /* UIViewController+Storyboard.swift */,
				E7A876482821696B0037A3A1 /* CMTime+extention.swift */,
			);
			path = Helpers;
			sourceTree = "<group>";
		};
		E7D1E4F6281EF5100070F072 /* Cell */ = {
			isa = PBXGroup;
			children = (
				E7D1E4F7281EF5290070F072 /* TrackCell.xib */,
				E7D1E4FA281EF5480070F072 /* TrackCell.swift */,
			);
			path = Cell;
			sourceTree = "<group>";
		};
		E7D1E4FD281EFB010070F072 /* Models */ = {
			isa = PBXGroup;
			children = (
				E7D22E3928146D3D0066D86C /* SearchResponse.swift */,
			);
			path = Models;
			sourceTree = "<group>";
		};
		E7D1E505281F097B0070F072 /* FooterView */ = {
			isa = PBXGroup;
			children = (
				E7D1E506281F09910070F072 /* FooterView.swift */,
			);
			path = FooterView;
			sourceTree = "<group>";
		};
		E7D22E0E281420DB0066D86C = {
			isa = PBXGroup;
			children = (
				E7D22E19281420DB0066D86C /* MusicPlayer */,
				E7D22E18281420DB0066D86C /* Products */,
			);
			sourceTree = "<group>";
		};
		E7D22E18281420DB0066D86C /* Products */ = {
			isa = PBXGroup;
			children = (
				E7D22E17281420DB0066D86C /* MusicPlayer.app */,
			);
			name = Products;
			sourceTree = "<group>";
		};
		E7D22E19281420DB0066D86C /* MusicPlayer */ = {
			isa = PBXGroup;
			children = (
				E7D22E1A281420DB0066D86C /* AppDelegate.swift */,
				E7D22E1C281420DB0066D86C /* SceneDelegate.swift */,
				E7D1E4D9281ECB990070F072 /* Services */,
				E7D22E2F281430A80066D86C /* MainTabBarController.swift */,
				E7D1E4C9281ECAEB0070F072 /* Search */,
				E7D22E322814337D0066D86C /* SearchMusicViewController.swift */,
				E7D22E1E281420DB0066D86C /* ViewController.swift */,
				E7D1E4F4281ED1B90070F072 /* Helpers */,
				E7D22E20281420DB0066D86C /* Main.storyboard */,
				E7D22E23281420E10066D86C /* Assets.xcassets */,
				E7D22E25281420E10066D86C /* LaunchScreen.storyboard */,
				E7D22E28281420E10066D86C /* Info.plist */,
			);
			path = MusicPlayer;
			sourceTree = "<group>";
		};
/* End PBXGroup section */

/* Begin PBXNativeTarget section */
		E7D22E16281420DB0066D86C /* MusicPlayer */ = {
			isa = PBXNativeTarget;
			buildConfigurationList = E7D22E2B281420E10066D86C /* Build configuration list for PBXNativeTarget "MusicPlayer" */;
			buildPhases = (
				E7D22E13281420DB0066D86C /* Sources */,
				E7D22E14281420DB0066D86C /* Frameworks */,
				E7D22E15281420DB0066D86C /* Resources */,
			);
			buildRules = (
			);
			dependencies = (
			);
			name = MusicPlayer;
			packageProductDependencies = (
				E7D22E36281468140066D86C /* Alamofire */,
				E7D1E500281F01A80070F072 /* SDWebImage */,
				E7D1E502281F01A80070F072 /* SDWebImageMapKit */,
			);
			productName = MusicPlayer;
			productReference = E7D22E17281420DB0066D86C /* MusicPlayer.app */;
			productType = "com.apple.product-type.application";
		};
/* End PBXNativeTarget section */

/* Begin PBXProject section */
		E7D22E0F281420DB0066D86C /* Project object */ = {
			isa = PBXProject;
			attributes = {
				LastSwiftUpdateCheck = 1240;
				LastUpgradeCheck = 1240;
				TargetAttributes = {
					E7D22E16281420DB0066D86C = {
						CreatedOnToolsVersion = 12.4;
					};
				};
			};
			buildConfigurationList = E7D22E12281420DB0066D86C /* Build configuration list for PBXProject "MusicPlayer" */;
			compatibilityVersion = "Xcode 9.3";
			developmentRegion = en;
			hasScannedForEncodings = 0;
			knownRegions = (
				en,
				Base,
			);
			mainGroup = E7D22E0E281420DB0066D86C;
			packageReferences = (
				E7D22E35281468140066D86C /* XCRemoteSwiftPackageReference "Alamofire" */,
				E7D1E4FF281F01A80070F072 /* XCRemoteSwiftPackageReference "SDWebImage" */,
			);
			productRefGroup = E7D22E18281420DB0066D86C /* Products */;
			projectDirPath = "";
			projectRoot = "";
			targets = (
				E7D22E16281420DB0066D86C /* MusicPlayer */,
			);
		};
/* End PBXProject section */

/* Begin PBXResourcesBuildPhase section */
		E7D22E15281420DB0066D86C /* Resources */ = {
			isa = PBXResourcesBuildPhase;
			buildActionMask = 2147483647;
			files = (
				E7D22E27281420E10066D86C /* LaunchScreen.storyboard in Resources */,
				E7D1E4F8281EF5290070F072 /* TrackCell.xib in Resources */,
				E7D22E24281420E10066D86C /* Assets.xcassets in Resources */,
				E7D1E4ED281ECDDA0070F072 /* SearchViewController.storyboard in Resources */,
				E7361A382821312B0044F66E /* TrackDetailView.xib in Resources */,
				E7D22E22281420DB0066D86C /* Main.storyboard in Resources */,
			);
			runOnlyForDeploymentPostprocessing = 0;
		};
/* End PBXResourcesBuildPhase section */

/* Begin PBXSourcesBuildPhase section */
		E7D22E13281420DB0066D86C /* Sources */ = {
			isa = PBXSourcesBuildPhase;
			buildActionMask = 2147483647;
			files = (
				E7D22E332814337D0066D86C /* SearchMusicViewController.swift in Sources */,
				E7D22E1F281420DB0066D86C /* ViewController.swift in Sources */,
				E7D22E3A28146D3D0066D86C /* SearchResponse.swift in Sources */,
				E7D1E4E9281ECCBF0070F072 /* SearchInteractor.swift in Sources */,
				E7D22E1B281420DB0066D86C /* AppDelegate.swift in Sources */,
				E7D1E507281F09910070F072 /* FooterView.swift in Sources */,
				E7D1E4FB281EF5480070F072 /* TrackCell.swift in Sources */,
				E7A876492821696B0037A3A1 /* CMTime+extention.swift in Sources */,
				E7D22E30281430A80066D86C /* MainTabBarController.swift in Sources */,
				E7D1E4E5281ECCBF0070F072 /* SearchWorker.swift in Sources */,
				E7D1E4E8281ECCBF0070F072 /* SearchViewController.swift in Sources */,
				E7D1E4E6281ECCBF0070F072 /* SearchRouter.swift in Sources */,
				E7D1E4E7281ECCBF0070F072 /* SearchModels.swift in Sources */,
				E7D22E1D281420DB0066D86C /* SceneDelegate.swift in Sources */,
				E7D1E4E4281ECCBF0070F072 /* SearchPresenter.swift in Sources */,
				E7CE91372818674D00877850 /* NetworkService.swift in Sources */,
				E7361A3B282131480044F66E /* TrackDetailView.swift in Sources */,
				E7D1E4F2281ED1AA0070F072 /* UIViewController+Storyboard.swift in Sources */,
			);
			runOnlyForDeploymentPostprocessing = 0;
		};
/* End PBXSourcesBuildPhase section */

/* Begin PBXVariantGroup section */
		E7D22E20281420DB0066D86C /* Main.storyboard */ = {
			isa = PBXVariantGroup;
			children = (
				E7D22E21281420DB0066D86C /* Base */,
			);
			name = Main.storyboard;
			sourceTree = "<group>";
		};
		E7D22E25281420E10066D86C /* LaunchScreen.storyboard */ = {
			isa = PBXVariantGroup;
			children = (
				E7D22E26281420E10066D86C /* Base */,
			);
			name = LaunchScreen.storyboard;
			sourceTree = "<group>";
		};
/* End PBXVariantGroup section */

/* Begin XCBuildConfiguration section */
		E7D22E29281420E10066D86C /* Debug */ = {
			isa = XCBuildConfiguration;
			buildSettings = {
				ALWAYS_SEARCH_USER_PATHS = NO;
				CLANG_ANALYZER_NONNULL = YES;
				CLANG_ANALYZER_NUMBER_OBJECT_CONVERSION = YES_AGGRESSIVE;
				CLANG_CXX_LANGUAGE_STANDARD = "gnu++14";
				CLANG_CXX_LIBRARY = "libc++";
				CLANG_ENABLE_MODULES = YES;
				CLANG_ENABLE_OBJC_ARC = YES;
				CLANG_ENABLE_OBJC_WEAK = YES;
				CLANG_WARN_BLOCK_CAPTURE_AUTORELEASING = YES;
				CLANG_WARN_BOOL_CONVERSION = YES;
				CLANG_WARN_COMMA = YES;
				CLANG_WARN_CONSTANT_CONVERSION = YES;
				CLANG_WARN_DEPRECATED_OBJC_IMPLEMENTATIONS = YES;
				CLANG_WARN_DIRECT_OBJC_ISA_USAGE = YES_ERROR;
				CLANG_WARN_DOCUMENTATION_COMMENTS = YES;
				CLANG_WARN_EMPTY_BODY = YES;
				CLANG_WARN_ENUM_CONVERSION = YES;
				CLANG_WARN_INFINITE_RECURSION = YES;
				CLANG_WARN_INT_CONVERSION = YES;
				CLANG_WARN_NON_LITERAL_NULL_CONVERSION = YES;
				CLANG_WARN_OBJC_IMPLICIT_RETAIN_SELF = YES;
				CLANG_WARN_OBJC_LITERAL_CONVERSION = YES;
				CLANG_WARN_OBJC_ROOT_CLASS = YES_ERROR;
				CLANG_WARN_QUOTED_INCLUDE_IN_FRAMEWORK_HEADER = YES;
				CLANG_WARN_RANGE_LOOP_ANALYSIS = YES;
				CLANG_WARN_STRICT_PROTOTYPES = YES;
				CLANG_WARN_SUSPICIOUS_MOVE = YES;
				CLANG_WARN_UNGUARDED_AVAILABILITY = YES_AGGRESSIVE;
				CLANG_WARN_UNREACHABLE_CODE = YES;
				CLANG_WARN__DUPLICATE_METHOD_MATCH = YES;
				COPY_PHASE_STRIP = NO;
				DEBUG_INFORMATION_FORMAT = dwarf;
				ENABLE_STRICT_OBJC_MSGSEND = YES;
				ENABLE_TESTABILITY = YES;
				GCC_C_LANGUAGE_STANDARD = gnu11;
				GCC_DYNAMIC_NO_PIC = NO;
				GCC_NO_COMMON_BLOCKS = YES;
				GCC_OPTIMIZATION_LEVEL = 0;
				GCC_PREPROCESSOR_DEFINITIONS = (
					"DEBUG=1",
					"$(inherited)",
				);
				GCC_WARN_64_TO_32_BIT_CONVERSION = YES;
				GCC_WARN_ABOUT_RETURN_TYPE = YES_ERROR;
				GCC_WARN_UNDECLARED_SELECTOR = YES;
				GCC_WARN_UNINITIALIZED_AUTOS = YES_AGGRESSIVE;
				GCC_WARN_UNUSED_FUNCTION = YES;
				GCC_WARN_UNUSED_VARIABLE = YES;
				IPHONEOS_DEPLOYMENT_TARGET = 14.4;
				MTL_ENABLE_DEBUG_INFO = INCLUDE_SOURCE;
				MTL_FAST_MATH = YES;
				ONLY_ACTIVE_ARCH = YES;
				SDKROOT = iphoneos;
				SWIFT_ACTIVE_COMPILATION_CONDITIONS = DEBUG;
				SWIFT_OPTIMIZATION_LEVEL = "-Onone";
			};
			name = Debug;
		};
		E7D22E2A281420E10066D86C /* Release */ = {
			isa = XCBuildConfiguration;
			buildSettings = {
				ALWAYS_SEARCH_USER_PATHS = NO;
				CLANG_ANALYZER_NONNULL = YES;
				CLANG_ANALYZER_NUMBER_OBJECT_CONVERSION = YES_AGGRESSIVE;
				CLANG_CXX_LANGUAGE_STANDARD = "gnu++14";
				CLANG_CXX_LIBRARY = "libc++";
				CLANG_ENABLE_MODULES = YES;
				CLANG_ENABLE_OBJC_ARC = YES;
				CLANG_ENABLE_OBJC_WEAK = YES;
				CLANG_WARN_BLOCK_CAPTURE_AUTORELEASING = YES;
				CLANG_WARN_BOOL_CONVERSION = YES;
				CLANG_WARN_COMMA = YES;
				CLANG_WARN_CONSTANT_CONVERSION = YES;
				CLANG_WARN_DEPRECATED_OBJC_IMPLEMENTATIONS = YES;
				CLANG_WARN_DIRECT_OBJC_ISA_USAGE = YES_ERROR;
				CLANG_WARN_DOCUMENTATION_COMMENTS = YES;
				CLANG_WARN_EMPTY_BODY = YES;
				CLANG_WARN_ENUM_CONVERSION = YES;
				CLANG_WARN_INFINITE_RECURSION = YES;
				CLANG_WARN_INT_CONVERSION = YES;
				CLANG_WARN_NON_LITERAL_NULL_CONVERSION = YES;
				CLANG_WARN_OBJC_IMPLICIT_RETAIN_SELF = YES;
				CLANG_WARN_OBJC_LITERAL_CONVERSION = YES;
				CLANG_WARN_OBJC_ROOT_CLASS = YES_ERROR;
				CLANG_WARN_QUOTED_INCLUDE_IN_FRAMEWORK_HEADER = YES;
				CLANG_WARN_RANGE_LOOP_ANALYSIS = YES;
				CLANG_WARN_STRICT_PROTOTYPES = YES;
				CLANG_WARN_SUSPICIOUS_MOVE = YES;
				CLANG_WARN_UNGUARDED_AVAILABILITY = YES_AGGRESSIVE;
				CLANG_WARN_UNREACHABLE_CODE = YES;
				CLANG_WARN__DUPLICATE_METHOD_MATCH = YES;
				COPY_PHASE_STRIP = NO;
				DEBUG_INFORMATION_FORMAT = "dwarf-with-dsym";
				ENABLE_NS_ASSERTIONS = NO;
				ENABLE_STRICT_OBJC_MSGSEND = YES;
				GCC_C_LANGUAGE_STANDARD = gnu11;
				GCC_NO_COMMON_BLOCKS = YES;
				GCC_WARN_64_TO_32_BIT_CONVERSION = YES;
				GCC_WARN_ABOUT_RETURN_TYPE = YES_ERROR;
				GCC_WARN_UNDECLARED_SELECTOR = YES;
				GCC_WARN_UNINITIALIZED_AUTOS = YES_AGGRESSIVE;
				GCC_WARN_UNUSED_FUNCTION = YES;
				GCC_WARN_UNUSED_VARIABLE = YES;
				IPHONEOS_DEPLOYMENT_TARGET = 14.4;
				MTL_ENABLE_DEBUG_INFO = NO;
				MTL_FAST_MATH = YES;
				SDKROOT = iphoneos;
				SWIFT_COMPILATION_MODE = wholemodule;
				SWIFT_OPTIMIZATION_LEVEL = "-O";
				VALIDATE_PRODUCT = YES;
			};
			name = Release;
		};
		E7D22E2C281420E10066D86C /* Debug */ = {
			isa = XCBuildConfiguration;
			buildSettings = {
				ASSETCATALOG_COMPILER_APPICON_NAME = AppIcon;
				ASSETCATALOG_COMPILER_GLOBAL_ACCENT_COLOR_NAME = AccentColor;
				CODE_SIGN_STYLE = Automatic;
				DEVELOPMENT_TEAM = K79KHUW8KA;
				INFOPLIST_FILE = MusicPlayer/Info.plist;
				LD_RUNPATH_SEARCH_PATHS = (
					"$(inherited)",
					"@executable_path/Frameworks",
				);
				PRODUCT_BUNDLE_IDENTIFIER = com.example.MusicPlayer;
				PRODUCT_NAME = "$(TARGET_NAME)";
				SWIFT_VERSION = 5.0;
				TARGETED_DEVICE_FAMILY = "1,2";
			};
			name = Debug;
		};
		E7D22E2D281420E10066D86C /* Release */ = {
			isa = XCBuildConfiguration;
			buildSettings = {
				ASSETCATALOG_COMPILER_APPICON_NAME = AppIcon;
				ASSETCATALOG_COMPILER_GLOBAL_ACCENT_COLOR_NAME = AccentColor;
				CODE_SIGN_STYLE = Automatic;
				DEVELOPMENT_TEAM = K79KHUW8KA;
				INFOPLIST_FILE = MusicPlayer/Info.plist;
				LD_RUNPATH_SEARCH_PATHS = (
					"$(inherited)",
					"@executable_path/Frameworks",
				);
				PRODUCT_BUNDLE_IDENTIFIER = com.example.MusicPlayer;
				PRODUCT_NAME = "$(TARGET_NAME)";
				SWIFT_VERSION = 5.0;
				TARGETED_DEVICE_FAMILY = "1,2";
			};
			name = Release;
		};
/* End XCBuildConfiguration section */

/* Begin XCConfigurationList section */
		E7D22E12281420DB0066D86C /* Build configuration list for PBXProject "MusicPlayer" */ = {
			isa = XCConfigurationList;
			buildConfigurations = (
				E7D22E29281420E10066D86C /* Debug */,
				E7D22E2A281420E10066D86C /* Release */,
			);
			defaultConfigurationIsVisible = 0;
			defaultConfigurationName = Release;
		};
		E7D22E2B281420E10066D86C /* Build configuration list for PBXNativeTarget "MusicPlayer" */ = {
			isa = XCConfigurationList;
			buildConfigurations = (
				E7D22E2C281420E10066D86C /* Debug */,
				E7D22E2D281420E10066D86C /* Release */,
			);
			defaultConfigurationIsVisible = 0;
			defaultConfigurationName = Release;
		};
/* End XCConfigurationList section */

/* Begin XCRemoteSwiftPackageReference section */
		E7D1E4FF281F01A80070F072 /* XCRemoteSwiftPackageReference "SDWebImage" */ = {
			isa = XCRemoteSwiftPackageReference;
			repositoryURL = "https://github.com/SDWebImage/SDWebImage.git";
			requirement = {
				kind = upToNextMajorVersion;
				minimumVersion = 5.12.5;
			};
		};
		E7D22E35281468140066D86C /* XCRemoteSwiftPackageReference "Alamofire" */ = {
			isa = XCRemoteSwiftPackageReference;
			repositoryURL = "https://github.com/Alamofire/Alamofire.git";
			requirement = {
				kind = upToNextMajorVersion;
				minimumVersion = 5.6.1;
			};
		};
/* End XCRemoteSwiftPackageReference section */

/* Begin XCSwiftPackageProductDependency section */
		E7D1E500281F01A80070F072 /* SDWebImage */ = {
			isa = XCSwiftPackageProductDependency;
			package = E7D1E4FF281F01A80070F072 /* XCRemoteSwiftPackageReference "SDWebImage" */;
			productName = SDWebImage;
		};
		E7D1E502281F01A80070F072 /* SDWebImageMapKit */ = {
			isa = XCSwiftPackageProductDependency;
			package = E7D1E4FF281F01A80070F072 /* XCRemoteSwiftPackageReference "SDWebImage" */;
			productName = SDWebImageMapKit;
		};
		E7D22E36281468140066D86C /* Alamofire */ = {
			isa = XCSwiftPackageProductDependency;
			package = E7D22E35281468140066D86C /* XCRemoteSwiftPackageReference "Alamofire" */;
			productName = Alamofire;
		};
/* End XCSwiftPackageProductDependency section */
	};
	rootObject = E7D22E0F281420DB0066D86C /* Project object */;
}
